
Microsoft Visual Studio Solution File, Format Version 12.00
# Visual Studio Version 17
VisualStudioVersion = 17.11.35312.102
MinimumVisualStudioVersion = 10.0.40219.1
Project("{FAE04EC0-301F-11D3-BF4B-00C04F79EFBC}") = "BohTracker", "BohTracker\BohTracker.csproj", "{2C7D06D9-9063-442F-8D41-4EC2A70F77CC}"
EndProject
Global
	GlobalSection(SolutionConfigurationPlatforms) = preSolution
		Debug|Any CPU = Debug|Any CPU
		Release|Any CPU = Release|Any CPU
	EndGlobalSection
	GlobalSection(ProjectConfigurationPlatforms) = postSolution
		{2C7D06D9-9063-442F-8D41-4EC2A70F77CC}.Debug|Any CPU.ActiveCfg = Debug|Any CPU
		{2C7D06D9-9063-442F-8D41-4EC2A70F77CC}.Debug|Any CPU.Build.0 = Debug|Any CPU
		{2C7D06D9-9063-442F-8D41-4EC2A70F77CC}.Release|Any CPU.ActiveCfg = Release|Any CPU
		{2C7D06D9-9063-442F-8D41-4EC2A70F77CC}.Release|Any CPU.Build.0 = Release|Any CPU
	EndGlobalSection
	GlobalSection(SolutionProperties) = preSolution
		HideSolutionNode = FALSE
	EndGlobalSection
	GlobalSection(ExtensibilityGlobals) = postSolution
		SolutionGuid = {D38050B7-90CD-4318-B6D4-9242437F06DB}
	EndGlobalSection
EndGlobal
